
Microsoft Visual Studio Solution File, Format Version 12.00
# Visual Studio Version 17
VisualStudioVersion = 17.9.34714.143
MinimumVisualStudioVersion = 10.0.40219.1
Project("{FAE04EC0-301F-11D3-BF4B-00C04F79EFBC}") = "FizzBuzz", "FizzBuzz.csproj", "{82D2A050-AB87-4F2A-A8A9-AF4075D53959}"
EndProject
Global
	GlobalSection(SolutionConfigurationPlatforms) = preSolution
		Debug|Any CPU = Debug|Any CPU
		Release|Any CPU = Release|Any CPU
	EndGlobalSection
	GlobalSection(ProjectConfigurationPlatforms) = postSolution
		{82D2A050-AB87-4F2A-A8A9-AF4075D53959}.Debug|Any CPU.ActiveCfg = Debug|Any CPU
		{82D2A050-AB87-4F2A-A8A9-AF4075D53959}.Debug|Any CPU.Build.0 = Debug|Any CPU
		{82D2A050-AB87-4F2A-A8A9-AF4075D53959}.Release|Any CPU.ActiveCfg = Release|Any CPU
		{82D2A050-AB87-4F2A-A8A9-AF4075D53959}.Release|Any CPU.Build.0 = Release|Any CPU
	EndGlobalSection
	GlobalSection(SolutionProperties) = preSolution
		HideSolutionNode = FALSE
	EndGlobalSection
	GlobalSection(ExtensibilityGlobals) = postSolution
		SolutionGuid = {5A19685B-C821-4556-8B39-6A9B8E522780}
	EndGlobalSection
EndGlobal
